{
  "requires": true,
  "lockfileVersion": 1,
  "dependencies": {
    "facesjs": {
      "version": "3.8.1",
      "resolved": "https://registry.npmjs.org/facesjs/-/facesjs-3.8.1.tgz",
      "integrity": "sha512-SiAMIZm9M9Eew+SrkrzhkDiAOCHkcbINjK48LLXxr7XcholMpczCkHmuuSNUrD0z7ki95csyvek+eBameDlRNw=="
    }
  }
}
